// !$*UTF8*$!
{
	archiveVersion = 1;
	classes = {
	};
	objectVersion = 46;
	objects = {

/* Begin PBXFileReference section */
		4932A6791F7E135F0008EB6D /* unit.py */ = {isa = PBXFileReference; lastKnownFileType = text.script.python; path = unit.py; sourceTree = "<group>"; };
		4932A67A1F7E1E570008EB6D /* dictionary.py */ = {isa = PBXFileReference; lastKnownFileType = text.script.python; path = dictionary.py; sourceTree = "<group>"; };
		4948CAD51FA6CE38009132AA /* thread.py */ = {isa = PBXFileReference; lastKnownFileType = text.script.python; path = thread.py; sourceTree = "<group>"; };
		4948CAD61FA81850009132AA /* domeDetection.py */ = {isa = PBXFileReference; lastKnownFileType = text.script.python; path = domeDetection.py; sourceTree = "<group>"; };
		49AF309A1F8B4D4F00A589A9 /* judge.py */ = {isa = PBXFileReference; lastKnownFileType = text.script.python; path = judge.py; sourceTree = "<group>"; };
		49AF309D1F8B55A300A589A9 /* pass_test.py */ = {isa = PBXFileReference; lastKnownFileType = text.script.python; path = pass_test.py; sourceTree = "<group>"; };
		49AF309E1F8B66F400A589A9 /* time_test.py */ = {isa = PBXFileReference; lastKnownFileType = text.script.python; path = time_test.py; sourceTree = "<group>"; };
		49AF309F1F8B6FF900A589A9 /* function_test.py */ = {isa = PBXFileReference; lastKnownFileType = text.script.python; path = function_test.py; sourceTree = "<group>"; };
		49B924401F6FA08500330E61 /* main.py */ = {isa = PBXFileReference; fileEncoding = 4; lastKnownFileType = text.script.python; path = main.py; sourceTree = "<group>"; };
		49B924411F71108F00330E61 /* first.py */ = {isa = PBXFileReference; fileEncoding = 4; lastKnownFileType = text.script.python; path = first.py; sourceTree = "<group>"; };
		49FE15161F78FB63000BD236 /* server.py */ = {isa = PBXFileReference; lastKnownFileType = text.script.python; path = server.py; sourceTree = "<group>"; };
		49FE15171F78FB9B000BD236 /* client.py */ = {isa = PBXFileReference; lastKnownFileType = text.script.python; path = client.py; sourceTree = "<group>"; };
/* End PBXFileReference section */

/* Begin PBXGroup section */
		49B924351F6F9B2400330E61 = {
			isa = PBXGroup;
			children = (
				49B924401F6FA08500330E61 /* main.py */,
				49B924411F71108F00330E61 /* first.py */,
				49FE15161F78FB63000BD236 /* server.py */,
				49FE15171F78FB9B000BD236 /* client.py */,
				4932A6791F7E135F0008EB6D /* unit.py */,
				4932A67A1F7E1E570008EB6D /* dictionary.py */,
				49AF309A1F8B4D4F00A589A9 /* judge.py */,
				49AF309D1F8B55A300A589A9 /* pass_test.py */,
				49AF309E1F8B66F400A589A9 /* time_test.py */,
				49AF309F1F8B6FF900A589A9 /* function_test.py */,
				4948CAD51FA6CE38009132AA /* thread.py */,
				4948CAD61FA81850009132AA /* domeDetection.py */,
			);
			sourceTree = "<group>";
		};
/* End PBXGroup section */

/* Begin PBXLegacyTarget section */
		49B9243A1F6F9B2400330E61 /* phthon_test */ = {
			isa = PBXLegacyTarget;
			buildArgumentsString = "$(ACTION)";
			buildConfigurationList = 49B9243D1F6F9B2400330E61 /* Build configuration list for PBXLegacyTarget "phthon_test" */;
			buildPhases = (
			);
			buildToolPath = /usr/bin/python;
			dependencies = (
			);
			name = phthon_test;
			passBuildSettingsInEnvironment = 1;
			productName = phthon_test;
		};
/* End PBXLegacyTarget section */

/* Begin PBXProject section */
		49B924361F6F9B2400330E61 /* Project object */ = {
			isa = PBXProject;
			attributes = {
				LastUpgradeCheck = 0830;
				ORGANIZATIONNAME = wanghui;
				TargetAttributes = {
					49B9243A1F6F9B2400330E61 = {
						CreatedOnToolsVersion = 8.3.3;
						ProvisioningStyle = Automatic;
					};
				};
			};
			buildConfigurationList = 49B924391F6F9B2400330E61 /* Build configuration list for PBXProject "phthon_test" */;
			compatibilityVersion = "Xcode 3.2";
			developmentRegion = English;
			hasScannedForEncodings = 0;
			knownRegions = (
				en,
			);
			mainGroup = 49B924351F6F9B2400330E61;
			projectDirPath = "";
			projectRoot = "";
			targets = (
				49B9243A1F6F9B2400330E61 /* phthon_test */,
			);
		};
/* End PBXProject section */

/* Begin XCBuildConfiguration section */
		49B9243B1F6F9B2400330E61 /* Debug */ = {
			isa = XCBuildConfiguration;
			buildSettings = {
				ALWAYS_SEARCH_USER_PATHS = NO;
				CLANG_ANALYZER_NONNULL = YES;
				CLANG_ANALYZER_NUMBER_OBJECT_CONVERSION = YES_AGGRESSIVE;
				CLANG_CXX_LANGUAGE_STANDARD = "gnu++0x";
				CLANG_CXX_LIBRARY = "libc++";
				CLANG_ENABLE_MODULES = YES;
				CLANG_ENABLE_OBJC_ARC = YES;
				CLANG_WARN_BOOL_CONVERSION = YES;
				CLANG_WARN_CONSTANT_CONVERSION = YES;
				CLANG_WARN_DIRECT_OBJC_ISA_USAGE = YES_ERROR;
				CLANG_WARN_DOCUMENTATION_COMMENTS = YES;
				CLANG_WARN_EMPTY_BODY = YES;
				CLANG_WARN_ENUM_CONVERSION = YES;
				CLANG_WARN_INFINITE_RECURSION = YES;
				CLANG_WARN_INT_CONVERSION = YES;
				CLANG_WARN_OBJC_ROOT_CLASS = YES_ERROR;
				CLANG_WARN_SUSPICIOUS_MOVE = YES;
				CLANG_WARN_UNREACHABLE_CODE = YES;
				CLANG_WARN__DUPLICATE_METHOD_MATCH = YES;
				COPY_PHASE_STRIP = NO;
				DEBUG_INFORMATION_FORMAT = dwarf;
				ENABLE_STRICT_OBJC_MSGSEND = YES;
				ENABLE_TESTABILITY = YES;
				GCC_C_LANGUAGE_STANDARD = gnu99;
				GCC_DYNAMIC_NO_PIC = NO;
				GCC_NO_COMMON_BLOCKS = YES;
				GCC_OPTIMIZATION_LEVEL = 0;
				GCC_PREPROCESSOR_DEFINITIONS = (
					"DEBUG=1",
					"$(inherited)",
				);
				GCC_WARN_64_TO_32_BIT_CONVERSION = YES;
				GCC_WARN_ABOUT_RETURN_TYPE = YES_ERROR;
				GCC_WARN_UNDECLARED_SELECTOR = YES;
				GCC_WARN_UNINITIALIZED_AUTOS = YES_AGGRESSIVE;
				GCC_WARN_UNUSED_FUNCTION = YES;
				GCC_WARN_UNUSED_VARIABLE = YES;
				MTL_ENABLE_DEBUG_INFO = YES;
				ONLY_ACTIVE_ARCH = YES;
			};
			name = Debug;
		};
		49B9243C1F6F9B2400330E61 /* Release */ = {
			isa = XCBuildConfiguration;
			buildSettings = {
				ALWAYS_SEARCH_USER_PATHS = NO;
				CLANG_ANALYZER_NONNULL = YES;
				CLANG_ANALYZER_NUMBER_OBJECT_CONVERSION = YES_AGGRESSIVE;
				CLANG_CXX_LANGUAGE_STANDARD = "gnu++0x";
				CLANG_CXX_LIBRARY = "libc++";
				CLANG_ENABLE_MODULES = YES;
				CLANG_ENABLE_OBJC_ARC = YES;
				CLANG_WARN_BOOL_CONVERSION = YES;
				CLANG_WARN_CONSTANT_CONVERSION = YES;
				CLANG_WARN_DIRECT_OBJC_ISA_USAGE = YES_ERROR;
				CLANG_WARN_DOCUMENTATION_COMMENTS = YES;
				CLANG_WARN_EMPTY_BODY = YES;
				CLANG_WARN_ENUM_CONVERSION = YES;
				CLANG_WARN_INFINITE_RECURSION = YES;
				CLANG_WARN_INT_CONVERSION = YES;
				CLANG_WARN_OBJC_ROOT_CLASS = YES_ERROR;
				CLANG_WARN_SUSPICIOUS_MOVE = YES;
				CLANG_WARN_UNREACHABLE_CODE = YES;
				CLANG_WARN__DUPLICATE_METHOD_MATCH = YES;
				COPY_PHASE_STRIP = NO;
				DEBUG_INFORMATION_FORMAT = "dwarf-with-dsym";
				ENABLE_NS_ASSERTIONS = NO;
				ENABLE_STRICT_OBJC_MSGSEND = YES;
				GCC_C_LANGUAGE_STANDARD = gnu99;
				GCC_NO_COMMON_BLOCKS = YES;
				GCC_WARN_64_TO_32_BIT_CONVERSION = YES;
				GCC_WARN_ABOUT_RETURN_TYPE = YES_ERROR;
				GCC_WARN_UNDECLARED_SELECTOR = YES;
				GCC_WARN_UNINITIALIZED_AUTOS = YES_AGGRESSIVE;
				GCC_WARN_UNUSED_FUNCTION = YES;
				GCC_WARN_UNUSED_VARIABLE = YES;
				MTL_ENABLE_DEBUG_INFO = NO;
			};
			name = Release;
		};
		49B9243E1F6F9B2400330E61 /* Debug */ = {
			isa = XCBuildConfiguration;
			buildSettings = {
				DEBUGGING_SYMBOLS = YES;
				DEBUG_INFORMATION_FORMAT = dwarf;
				GCC_GENERATE_DEBUGGING_SYMBOLS = YES;
				GCC_OPTIMIZATION_LEVEL = 0;
				OTHER_CFLAGS = "";
				OTHER_LDFLAGS = "";
				PRODUCT_NAME = "$(TARGET_NAME)";
			};
			name = Debug;
		};
		49B9243F1F6F9B2400330E61 /* Release */ = {
			isa = XCBuildConfiguration;
			buildSettings = {
				DEBUG_INFORMATION_FORMAT = "dwarf-with-dsym";
				OTHER_CFLAGS = "";
				OTHER_LDFLAGS = "";
				PRODUCT_NAME = "$(TARGET_NAME)";
			};
			name = Release;
		};
/* End XCBuildConfiguration section */

/* Begin XCConfigurationList section */
		49B924391F6F9B2400330E61 /* Build configuration list for PBXProject "phthon_test" */ = {
			isa = XCConfigurationList;
			buildConfigurations = (
				49B9243B1F6F9B2400330E61 /* Debug */,
				49B9243C1F6F9B2400330E61 /* Release */,
			);
			defaultConfigurationIsVisible = 0;
			defaultConfigurationName = Release;
		};
		49B9243D1F6F9B2400330E61 /* Build configuration list for PBXLegacyTarget "phthon_test" */ = {
			isa = XCConfigurationList;
			buildConfigurations = (
				49B9243E1F6F9B2400330E61 /* Debug */,
				49B9243F1F6F9B2400330E61 /* Release */,
			);
			defaultConfigurationIsVisible = 0;
			defaultConfigurationName = Release;
		};
/* End XCConfigurationList section */
	};
	rootObject = 49B924361F6F9B2400330E61 /* Project object */;
}
